
Microsoft Visual Studio Solution File, Format Version 12.00
# Visual Studio Version 17
VisualStudioVersion = 17.6.33712.159
MinimumVisualStudioVersion = 10.0.40219.1
Project("{FAE04EC0-301F-11D3-BF4B-00C04F79EFBC}") = "runner game", "runner game.csproj", "{685E7C7A-096B-439A-AAC9-1CB9428EB5FB}"
EndProject
Global
	GlobalSection(SolutionConfigurationPlatforms) = preSolution
		Debug|Any CPU = Debug|Any CPU
		Release|Any CPU = Release|Any CPU
	EndGlobalSection
	GlobalSection(ProjectConfigurationPlatforms) = postSolution
		{685E7C7A-096B-439A-AAC9-1CB9428EB5FB}.Debug|Any CPU.ActiveCfg = Debug|Any CPU
		{685E7C7A-096B-439A-AAC9-1CB9428EB5FB}.Debug|Any CPU.Build.0 = Debug|Any CPU
		{685E7C7A-096B-439A-AAC9-1CB9428EB5FB}.Release|Any CPU.ActiveCfg = Release|Any CPU
		{685E7C7A-096B-439A-AAC9-1CB9428EB5FB}.Release|Any CPU.Build.0 = Release|Any CPU
	EndGlobalSection
	GlobalSection(SolutionProperties) = preSolution
		HideSolutionNode = FALSE
	EndGlobalSection
	GlobalSection(ExtensibilityGlobals) = postSolution
		SolutionGuid = {093F0FFD-867D-4AC5-8E0F-2C3E9A13AE8C}
	EndGlobalSection
EndGlobal
